// !$*UTF8*$!
{
	archiveVersion = 1;
	classes = {
	};
	objectVersion = 56;
	objects = {

/* Begin PBXBuildFile section */
		AA0000010000000000000001 /* ObsidianWidgetHostApp.swift in Sources */ = {isa = PBXBuildFile; fileRef = AA0001010000000000000001 /* ObsidianWidgetHostApp.swift */; };
		AA0000020000000000000001 /* ObsidianWidget.swift in Sources */ = {isa = PBXBuildFile; fileRef = AA0001020000000000000001 /* ObsidianWidget.swift */; };
		AA0000030000000000000001 /* Provider.swift in Sources */ = {isa = PBXBuildFile; fileRef = AA0001030000000000000001 /* Provider.swift */; };
		AA0000040000000000000001 /* Entry.swift in Sources */ = {isa = PBXBuildFile; fileRef = AA0001040000000000000001 /* Entry.swift */; };
		AA0000050000000000000001 /* WidgetView.swift in Sources */ = {isa = PBXBuildFile; fileRef = AA0001050000000000000001 /* WidgetView.swift */; };
		AA0000060000000000000001 /* SharedState.swift in Sources */ = {isa = PBXBuildFile; fileRef = AA0001060000000000000001 /* SharedState.swift */; };
		AA0000070000000000000001 /* AppGroup.swift in Sources */ = {isa = PBXBuildFile; fileRef = AA0001070000000000000001 /* AppGroup.swift */; };
		AA0000080000000000000001 /* AppGroup.swift in Sources */ = {isa = PBXBuildFile; fileRef = AA0001070000000000000001 /* AppGroup.swift */; };
		AA0000090000000000000001 /* main.swift in Sources */ = {isa = PBXBuildFile; fileRef = AA0001080000000000000001 /* main.swift */; };
		AA00000A0000000000000001 /* ObsidianWidgetExtension.appex in Embed Foundation Extensions */ = {isa = PBXBuildFile; fileRef = AA0002010000000000000001 /* ObsidianWidgetExtension.appex */; settings = {ATTRIBUTES = (RemoveHeadersOnCopy, ); }; };
		AA0000100000000000000001 /* AppConfig.swift in Sources */ = {isa = PBXBuildFile; fileRef = AA0001100000000000000001 /* AppConfig.swift */; };
		AA0000100000000000000002 /* NotePayload.swift in Sources */ = {isa = PBXBuildFile; fileRef = AA0001110000000000000001 /* NotePayload.swift */; };
		AA0000100000000000000003 /* ConfigStore.swift in Sources */ = {isa = PBXBuildFile; fileRef = AA0001120000000000000001 /* ConfigStore.swift */; };
		AA0000100000000000000004 /* VaultScanner.swift in Sources */ = {isa = PBXBuildFile; fileRef = AA0001130000000000000001 /* VaultScanner.swift */; };
		AA0000100000000000000005 /* RelatedNotesResolver.swift in Sources */ = {isa = PBXBuildFile; fileRef = AA0001140000000000000001 /* RelatedNotesResolver.swift */; };
		AA0000100000000000000006 /* SummaryFormat.swift in Sources */ = {isa = PBXBuildFile; fileRef = AA0001150000000000000001 /* SummaryFormat.swift */; };
		AA0000100000000000000007 /* SummaryService.swift in Sources */ = {isa = PBXBuildFile; fileRef = AA0001160000000000000001 /* SummaryService.swift */; };
		AA0000100000000000000008 /* WidgetStateWriter.swift in Sources */ = {isa = PBXBuildFile; fileRef = AA0001170000000000000001 /* WidgetStateWriter.swift */; };
		AA0000100000000000000009 /* NoteScheduler.swift in Sources */ = {isa = PBXBuildFile; fileRef = AA0001180000000000000001 /* NoteScheduler.swift */; };
		AA000010000000000000000A /* MarkdownTextView.swift in Sources */ = {isa = PBXBuildFile; fileRef = AA0001190000000000000001 /* MarkdownTextView.swift */; };
		AA000010000000000000000B /* AppController.swift in Sources */ = {isa = PBXBuildFile; fileRef = AA00011B0000000000000001 /* AppController.swift */; };
		AA000010000000000000000C /* NoteNavigation.swift in Sources */ = {isa = PBXBuildFile; fileRef = AA00011C0000000000000001 /* NoteNavigation.swift */; };
		AA000010000000000000000D /* NoteViewerView.swift in Sources */ = {isa = PBXBuildFile; fileRef = AA00011D0000000000000001 /* NoteViewerView.swift */; };
		AA000010000000000000000E /* SettingsView.swift in Sources */ = {isa = PBXBuildFile; fileRef = AA00011E0000000000000001 /* SettingsView.swift */; };
		AA000010000000000000000F /* WidgetReload in Copy WidgetReload */ = {isa = PBXBuildFile; fileRef = AA0002030000000000000001 /* WidgetReload */; settings = {ATTRIBUTES = (CodeSignOnCopy, ); }; };
        AA0000100000000000000010 /* DebugSessionLog.swift in Sources */ = {isa = PBXBuildFile; fileRef = AA0001240000000000000001 /* DebugSessionLog.swift */; };
		AA0000100000000000000011 /* VaultAccess.swift in Sources */ = {isa = PBXBuildFile; fileRef = AA0001250000000000000001 /* VaultAccess.swift */; };
		AA0000100000000000000012 /* ClaudeBinaryResolver.swift in Sources */ = {isa = PBXBuildFile; fileRef = AA0001260000000000000001 /* ClaudeBinaryResolver.swift */; };
/* End PBXBuildFile section */

/* Begin PBXContainerItemProxy section */
		AA0003010000000000000001 /* PBXContainerItemProxy */ = {
			isa = PBXContainerItemProxy;
			containerPortal = AA0004010000000000000001 /* Project object */;
			proxyType = 1;
			remoteGlobalIDString = AA0005010000000000000001;
			remoteInfo = ObsidianWidgetExtension;
		};
		AA0003020000000000000001 /* PBXContainerItemProxy */ = {
			isa = PBXContainerItemProxy;
			containerPortal = AA0004010000000000000001 /* Project object */;
			proxyType = 1;
			remoteGlobalIDString = AA0005030000000000000001;
			remoteInfo = WidgetReload;
		};
/* End PBXContainerItemProxy section */

/* Begin PBXCopyFilesBuildPhase section */
		AA0006010000000000000001 /* Embed Foundation Extensions */ = {
			isa = PBXCopyFilesBuildPhase;
			buildActionMask = 2147483647;
			dstPath = "";
			dstSubfolderSpec = 13;
			files = (
				AA00000A0000000000000001 /* ObsidianWidgetExtension.appex in Embed Foundation Extensions */,
			);
			name = "Embed Foundation Extensions";
			runOnlyForDeploymentPostprocessing = 0;
		};
		AA0006020000000000000001 /* CopyFiles */ = {
			isa = PBXCopyFilesBuildPhase;
			buildActionMask = 2147483647;
			dstPath = /usr/share/man/man1/;
			dstSubfolderSpec = 0;
			files = (
			);
			runOnlyForDeploymentPostprocessing = 1;
		};
		AA0006030000000000000001 /* Copy WidgetReload */ = {
			isa = PBXCopyFilesBuildPhase;
			buildActionMask = 2147483647;
			dstPath = "";
			dstSubfolderSpec = 7;
			files = (
				AA000010000000000000000F /* WidgetReload in Copy WidgetReload */,
			);
			name = "Copy WidgetReload";
			runOnlyForDeploymentPostprocessing = 0;
		};
/* End PBXCopyFilesBuildPhase section */

/* Begin PBXShellScriptBuildPhase section */
		AA000E010000000000000001 /* Register Widget Extension */ = {
			isa = PBXShellScriptBuildPhase;
			alwaysOutOfDate = 1;
			buildActionMask = 2147483647;
			files = (
			);
			inputPaths = (
			);
			name = "Register Widget Extension";
			outputPaths = (
			);
			runOnlyForDeploymentPostprocessing = 0;
			shellPath = /bin/sh;
			shellScript = "find \"${CODESIGNING_FOLDER_PATH}\" -name '*.appex' -exec pluginkit -a {} \\;\npluginkit -e use -p com.apple.widgetkit-extension -i com.obsidianwidget.app.widget || true\n";
		};
/* End PBXShellScriptBuildPhase section */

/* Begin PBXFileReference section */
		AA0001010000000000000001 /* ObsidianWidgetHostApp.swift */ = {isa = PBXFileReference; lastKnownFileType = sourcecode.swift; path = ObsidianWidgetHostApp.swift; sourceTree = "<group>"; };
		AA0001020000000000000001 /* ObsidianWidget.swift */ = {isa = PBXFileReference; lastKnownFileType = sourcecode.swift; path = ObsidianWidget.swift; sourceTree = "<group>"; };
		AA0001030000000000000001 /* Provider.swift */ = {isa = PBXFileReference; lastKnownFileType = sourcecode.swift; path = Provider.swift; sourceTree = "<group>"; };
		AA0001040000000000000001 /* Entry.swift */ = {isa = PBXFileReference; lastKnownFileType = sourcecode.swift; path = Entry.swift; sourceTree = "<group>"; };
		AA0001050000000000000001 /* WidgetView.swift */ = {isa = PBXFileReference; lastKnownFileType = sourcecode.swift; path = WidgetView.swift; sourceTree = "<group>"; };
		AA0001060000000000000001 /* SharedState.swift */ = {isa = PBXFileReference; lastKnownFileType = sourcecode.swift; path = SharedState.swift; sourceTree = "<group>"; };
		AA0001070000000000000001 /* AppGroup.swift */ = {isa = PBXFileReference; lastKnownFileType = sourcecode.swift; path = AppGroup.swift; sourceTree = "<group>"; };
		AA0001080000000000000001 /* main.swift */ = {isa = PBXFileReference; lastKnownFileType = sourcecode.swift; path = main.swift; sourceTree = "<group>"; };
		AA0001090000000000000001 /* Info.plist */ = {isa = PBXFileReference; lastKnownFileType = text.plist.xml; path = Info.plist; sourceTree = "<group>"; };
		AA00010A0000000000000001 /* ObsidianWidgetExtension.entitlements */ = {isa = PBXFileReference; lastKnownFileType = text.plist.entitlements; path = ObsidianWidgetExtension.entitlements; sourceTree = "<group>"; };
		AA00010B0000000000000001 /* ObsidianWidgetHost.entitlements */ = {isa = PBXFileReference; lastKnownFileType = text.plist.entitlements; path = ObsidianWidgetHost.entitlements; sourceTree = "<group>"; };
		AA0001100000000000000001 /* AppConfig.swift */ = {isa = PBXFileReference; lastKnownFileType = sourcecode.swift; path = AppConfig.swift; sourceTree = "<group>"; };
		AA0001110000000000000001 /* NotePayload.swift */ = {isa = PBXFileReference; lastKnownFileType = sourcecode.swift; path = NotePayload.swift; sourceTree = "<group>"; };
		AA0001120000000000000001 /* ConfigStore.swift */ = {isa = PBXFileReference; lastKnownFileType = sourcecode.swift; path = ConfigStore.swift; sourceTree = "<group>"; };
		AA0001130000000000000001 /* VaultScanner.swift */ = {isa = PBXFileReference; lastKnownFileType = sourcecode.swift; path = VaultScanner.swift; sourceTree = "<group>"; };
		AA0001140000000000000001 /* RelatedNotesResolver.swift */ = {isa = PBXFileReference; lastKnownFileType = sourcecode.swift; path = RelatedNotesResolver.swift; sourceTree = "<group>"; };
		AA0001150000000000000001 /* SummaryFormat.swift */ = {isa = PBXFileReference; lastKnownFileType = sourcecode.swift; path = SummaryFormat.swift; sourceTree = "<group>"; };
		AA0001160000000000000001 /* SummaryService.swift */ = {isa = PBXFileReference; lastKnownFileType = sourcecode.swift; path = SummaryService.swift; sourceTree = "<group>"; };
		AA0001170000000000000001 /* WidgetStateWriter.swift */ = {isa = PBXFileReference; lastKnownFileType = sourcecode.swift; path = WidgetStateWriter.swift; sourceTree = "<group>"; };
		AA0001180000000000000001 /* NoteScheduler.swift */ = {isa = PBXFileReference; lastKnownFileType = sourcecode.swift; path = NoteScheduler.swift; sourceTree = "<group>"; };
		AA0001190000000000000001 /* MarkdownTextView.swift */ = {isa = PBXFileReference; lastKnownFileType = sourcecode.swift; path = MarkdownTextView.swift; sourceTree = "<group>"; };
		AA00011B0000000000000001 /* AppController.swift */ = {isa = PBXFileReference; lastKnownFileType = sourcecode.swift; path = AppController.swift; sourceTree = "<group>"; };
		AA00011C0000000000000001 /* NoteNavigation.swift */ = {isa = PBXFileReference; lastKnownFileType = sourcecode.swift; path = NoteNavigation.swift; sourceTree = "<group>"; };
		AA00011D0000000000000001 /* NoteViewerView.swift */ = {isa = PBXFileReference; lastKnownFileType = sourcecode.swift; path = NoteViewerView.swift; sourceTree = "<group>"; };
		AA00011E0000000000000001 /* SettingsView.swift */ = {isa = PBXFileReference; lastKnownFileType = sourcecode.swift; path = SettingsView.swift; sourceTree = "<group>"; };
		AA00011F0000000000000001 /* Info.plist */ = {isa = PBXFileReference; lastKnownFileType = text.plist.xml; path = Info.plist; sourceTree = "<group>"; };
		AA0001200000000000000001 /* Views */ = {isa = PBXGroup; children = (AA00011D0000000000000001 /* NoteViewerView.swift */, AA00011E0000000000000001 /* SettingsView.swift */); path = Views; sourceTree = "<group>"; };
		AA0001210000000000000001 /* Models */ = {isa = PBXGroup; children = (AA0001100000000000000001 /* AppConfig.swift */, AA0001110000000000000001 /* NotePayload.swift */); path = Models; sourceTree = "<group>"; };
		AA0001220000000000000001 /* Services */ = {isa = PBXGroup; children = (AA0001120000000000000001 /* ConfigStore.swift */, AA0001250000000000000001 /* VaultAccess.swift */, AA0001260000000000000001 /* ClaudeBinaryResolver.swift */, AA0001130000000000000001 /* VaultScanner.swift */, AA0001140000000000000001 /* RelatedNotesResolver.swift */, AA0001150000000000000001 /* SummaryFormat.swift */, AA0001160000000000000001 /* SummaryService.swift */, AA0001170000000000000001 /* WidgetStateWriter.swift */, AA0001180000000000000001 /* NoteScheduler.swift */); path = Services; sourceTree = "<group>"; };
		AA0001230000000000000001 /* Views */ = {isa = PBXGroup; children = (AA0001190000000000000001 /* MarkdownTextView.swift */); path = Views; sourceTree = "<group>"; };
		AA0001240000000000000001 /* DebugSessionLog.swift */ = {isa = PBXFileReference; lastKnownFileType = sourcecode.swift; path = DebugSessionLog.swift; sourceTree = "<group>"; };
		AA0001250000000000000001 /* VaultAccess.swift */ = {isa = PBXFileReference; lastKnownFileType = sourcecode.swift; path = VaultAccess.swift; sourceTree = "<group>"; };
		AA0001260000000000000001 /* ClaudeBinaryResolver.swift */ = {isa = PBXFileReference; lastKnownFileType = sourcecode.swift; path = ClaudeBinaryResolver.swift; sourceTree = "<group>"; };
		AA0002010000000000000001 /* ObsidianWidgetExtension.appex */ = {isa = PBXFileReference; explicitFileType = "wrapper.app-extension"; includeInIndex = 0; path = ObsidianWidgetExtension.appex; sourceTree = BUILT_PRODUCTS_DIR; };
		AA0002020000000000000001 /* ObsidianWidgetHost.app */ = {isa = PBXFileReference; explicitFileType = wrapper.application; includeInIndex = 0; path = ObsidianWidgetHost.app; sourceTree = BUILT_PRODUCTS_DIR; };
		AA0002030000000000000001 /* WidgetReload */ = {isa = PBXFileReference; explicitFileType = "compiled.mach-o.executable"; includeInIndex = 0; path = WidgetReload; sourceTree = BUILT_PRODUCTS_DIR; };
/* End PBXFileReference section */

/* Begin PBXFrameworksBuildPhase section */
		AA0007010000000000000001 /* Frameworks */ = {
			isa = PBXFrameworksBuildPhase;
			buildActionMask = 2147483647;
			files = (
			);
			runOnlyForDeploymentPostprocessing = 0;
		};
		AA0007020000000000000001 /* Frameworks */ = {
			isa = PBXFrameworksBuildPhase;
			buildActionMask = 2147483647;
			files = (
			);
			runOnlyForDeploymentPostprocessing = 0;
		};
		AA0007030000000000000001 /* Frameworks */ = {
			isa = PBXFrameworksBuildPhase;
			buildActionMask = 2147483647;
			files = (
			);
			runOnlyForDeploymentPostprocessing = 0;
		};
/* End PBXFrameworksBuildPhase section */

/* Begin PBXGroup section */
		AA0008010000000000000001 = {
			isa = PBXGroup;
			children = (
				AA0008020000000000000001 /* Shared */,
				AA0008030000000000000001 /* ObsidianWidgetHost */,
				AA0008040000000000000001 /* ObsidianWidgetExtension */,
				AA0008050000000000000001 /* WidgetReload */,
				AA0008060000000000000001 /* Products */,
			);
			sourceTree = "<group>";
		};
		AA0008020000000000000001 /* Shared */ = {
			isa = PBXGroup;
			children = (
				AA0001070000000000000001 /* AppGroup.swift */,
				AA0001240000000000000001 /* DebugSessionLog.swift */,
				AA0001210000000000000001 /* Models */,
				AA0001220000000000000001 /* Services */,
				AA0001230000000000000001 /* Views */,
			);
			path = Shared;
			sourceTree = "<group>";
		};
		AA0008030000000000000001 /* ObsidianWidgetHost */ = {
			isa = PBXGroup;
			children = (
				AA0001010000000000000001 /* ObsidianWidgetHostApp.swift */,
				AA00011B0000000000000001 /* AppController.swift */,
				AA00011C0000000000000001 /* NoteNavigation.swift */,
				AA0001200000000000000001 /* Views */,
				AA00011F0000000000000001 /* Info.plist */,
				AA00010B0000000000000001 /* ObsidianWidgetHost.entitlements */,
			);
			path = ObsidianWidgetHost;
			sourceTree = "<group>";
		};
		AA0008040000000000000001 /* ObsidianWidgetExtension */ = {
			isa = PBXGroup;
			children = (
				AA0001020000000000000001 /* ObsidianWidget.swift */,
				AA0001030000000000000001 /* Provider.swift */,
				AA0001040000000000000001 /* Entry.swift */,
				AA0001050000000000000001 /* WidgetView.swift */,
				AA0001060000000000000001 /* SharedState.swift */,
				AA0001090000000000000001 /* Info.plist */,
				AA00010A0000000000000001 /* ObsidianWidgetExtension.entitlements */,
			);
			path = ObsidianWidgetExtension;
			sourceTree = "<group>";
		};
		AA0008050000000000000001 /* WidgetReload */ = {
			isa = PBXGroup;
			children = (
				AA0001080000000000000001 /* main.swift */,
			);
			path = WidgetReload;
			sourceTree = "<group>";
		};
		AA0008060000000000000001 /* Products */ = {
			isa = PBXGroup;
			children = (
				AA0002020000000000000001 /* ObsidianWidgetHost.app */,
				AA0002010000000000000001 /* ObsidianWidgetExtension.appex */,
				AA0002030000000000000001 /* WidgetReload */,
			);
			name = Products;
			sourceTree = "<group>";
		};
/* End PBXGroup section */

/* Begin PBXNativeTarget section */
		AA0005010000000000000001 /* ObsidianWidgetExtension */ = {
			isa = PBXNativeTarget;
			buildConfigurationList = AA0009010000000000000003 /* Build configuration list for PBXNativeTarget "ObsidianWidgetExtension" */;
			buildPhases = (
				AA000A010000000000000001 /* Sources */,
				AA0007020000000000000001 /* Frameworks */,
				AA000B010000000000000001 /* Resources */,
			);
			buildRules = (
			);
			dependencies = (
			);
			name = ObsidianWidgetExtension;
			productName = ObsidianWidgetExtension;
			productReference = AA0002010000000000000001 /* ObsidianWidgetExtension.appex */;
			productType = "com.apple.product-type.app-extension";
		};
		AA0005020000000000000001 /* ObsidianWidgetHost */ = {
			isa = PBXNativeTarget;
			buildConfigurationList = AA0009010000000000000001 /* Build configuration list for PBXNativeTarget "ObsidianWidgetHost" */;
			buildPhases = (
				AA000A020000000000000001 /* Sources */,
				AA0007010000000000000001 /* Frameworks */,
				AA0006030000000000000001 /* Copy WidgetReload */,
				AA0006010000000000000001 /* Embed Foundation Extensions */,
				AA000B020000000000000001 /* Resources */,
				AA000E010000000000000001 /* Register Widget Extension */,
			);
			buildRules = (
			);
			dependencies = (
				AA000C010000000000000001 /* PBXTargetDependency */,
				AA000C020000000000000001 /* PBXTargetDependency */,
			);
			name = ObsidianWidgetHost;
			productName = ObsidianWidgetHost;
			productReference = AA0002020000000000000001 /* ObsidianWidgetHost.app */;
			productType = "com.apple.product-type.application";
		};
		AA0005030000000000000001 /* WidgetReload */ = {
			isa = PBXNativeTarget;
			buildConfigurationList = AA0009010000000000000002 /* Build configuration list for PBXNativeTarget "WidgetReload" */;
			buildPhases = (
				AA000A030000000000000001 /* Sources */,
				AA0007030000000000000001 /* Frameworks */,
				AA0006020000000000000001 /* CopyFiles */,
			);
			buildRules = (
			);
			dependencies = (
			);
			name = WidgetReload;
			productName = WidgetReload;
			productReference = AA0002030000000000000001 /* WidgetReload */;
			productType = "com.apple.product-type.tool";
		};
/* End PBXNativeTarget section */

/* Begin PBXProject section */
		AA0004010000000000000001 /* Project object */ = {
			isa = PBXProject;
			attributes = {
				BuildIndependentTargetsInParallel = 1;
				LastSwiftUpdateCheck = 1500;
				LastUpgradeCheck = 1500;
				TargetAttributes = {
					AA0005010000000000000001 = {
						CreatedOnToolsVersion = 15.0;
					};
					AA0005020000000000000001 = {
						CreatedOnToolsVersion = 15.0;
					};
					AA0005030000000000000001 = {
						CreatedOnToolsVersion = 15.0;
					};
				};
			};
			buildConfigurationList = AA0009010000000000000004 /* Build configuration list for PBXProject "ObsidianWidget" */;
			compatibilityVersion = "Xcode 14.0";
			developmentRegion = en;
			hasScannedForEncodings = 0;
			knownRegions = (
				en,
				Base,
			);
			mainGroup = AA0008010000000000000001;
			productRefGroup = AA0008060000000000000001 /* Products */;
			projectDirPath = "";
			projectRoot = "";
			targets = (
				AA0005020000000000000001 /* ObsidianWidgetHost */,
				AA0005010000000000000001 /* ObsidianWidgetExtension */,
				AA0005030000000000000001 /* WidgetReload */,
			);
		};
/* End PBXProject section */

/* Begin PBXResourcesBuildPhase section */
		AA000B010000000000000001 /* Resources */ = {
			isa = PBXResourcesBuildPhase;
			buildActionMask = 2147483647;
			files = (
			);
			runOnlyForDeploymentPostprocessing = 0;
		};
		AA000B020000000000000001 /* Resources */ = {
			isa = PBXResourcesBuildPhase;
			buildActionMask = 2147483647;
			files = (
			);
			runOnlyForDeploymentPostprocessing = 0;
		};
/* End PBXResourcesBuildPhase section */

/* Begin PBXSourcesBuildPhase section */
		AA000A010000000000000001 /* Sources */ = {
			isa = PBXSourcesBuildPhase;
			buildActionMask = 2147483647;
			files = (
				AA0000020000000000000001 /* ObsidianWidget.swift in Sources */,
				AA0000030000000000000001 /* Provider.swift in Sources */,
				AA0000040000000000000001 /* Entry.swift in Sources */,
				AA0000050000000000000001 /* WidgetView.swift in Sources */,
				AA0000060000000000000001 /* SharedState.swift in Sources */,
				AA0000070000000000000001 /* AppGroup.swift in Sources */,
			);
			runOnlyForDeploymentPostprocessing = 0;
		};
		AA000A020000000000000001 /* Sources */ = {
			isa = PBXSourcesBuildPhase;
			buildActionMask = 2147483647;
			files = (
				AA0000010000000000000001 /* ObsidianWidgetHostApp.swift in Sources */,
				AA0000080000000000000001 /* AppGroup.swift in Sources */,
				AA0000100000000000000001 /* AppConfig.swift in Sources */,
				AA0000100000000000000002 /* NotePayload.swift in Sources */,
				AA0000100000000000000003 /* ConfigStore.swift in Sources */,
				AA0000100000000000000004 /* VaultScanner.swift in Sources */,
				AA0000100000000000000005 /* RelatedNotesResolver.swift in Sources */,
				AA0000100000000000000006 /* SummaryFormat.swift in Sources */,
				AA0000100000000000000007 /* SummaryService.swift in Sources */,
				AA0000100000000000000008 /* WidgetStateWriter.swift in Sources */,
				AA0000100000000000000009 /* NoteScheduler.swift in Sources */,
				AA000010000000000000000A /* MarkdownTextView.swift in Sources */,
				AA000010000000000000000B /* AppController.swift in Sources */,
				AA000010000000000000000C /* NoteNavigation.swift in Sources */,
				AA000010000000000000000D /* NoteViewerView.swift in Sources */,
				AA000010000000000000000E /* SettingsView.swift in Sources */,
				AA0000100000000000000010 /* DebugSessionLog.swift in Sources */,
				AA0000100000000000000011 /* VaultAccess.swift in Sources */,
				AA0000100000000000000012 /* ClaudeBinaryResolver.swift in Sources */,
			);
			runOnlyForDeploymentPostprocessing = 0;
		};
		AA000A030000000000000001 /* Sources */ = {
			isa = PBXSourcesBuildPhase;
			buildActionMask = 2147483647;
			files = (
				AA0000090000000000000001 /* main.swift in Sources */,
			);
			runOnlyForDeploymentPostprocessing = 0;
		};
/* End PBXSourcesBuildPhase section */

/* Begin PBXTargetDependency section */
		AA000C010000000000000001 /* PBXTargetDependency */ = {
			isa = PBXTargetDependency;
			target = AA0005010000000000000001 /* ObsidianWidgetExtension */;
			targetProxy = AA0003010000000000000001 /* PBXContainerItemProxy */;
		};
		AA000C020000000000000001 /* PBXTargetDependency */ = {
			isa = PBXTargetDependency;
			target = AA0005030000000000000001 /* WidgetReload */;
			targetProxy = AA0003020000000000000001 /* PBXContainerItemProxy */;
		};
/* End PBXTargetDependency section */

/* Begin XCBuildConfiguration section */
		AA000D010000000000000001 /* Debug */ = {
			isa = XCBuildConfiguration;
			buildSettings = {
				ALWAYS_SEARCH_USER_PATHS = NO;
				CLANG_ENABLE_MODULES = YES;
				CODE_SIGN_STYLE = Automatic;
				COPY_PHASE_STRIP = NO;
				DEBUG_INFORMATION_FORMAT = dwarf;
				GCC_DYNAMIC_NO_PIC = NO;
				GCC_OPTIMIZATION_LEVEL = 0;
				MACOSX_DEPLOYMENT_TARGET = 14.0;
				ONLY_ACTIVE_ARCH = YES;
				SDKROOT = macosx;
				SWIFT_ACTIVE_COMPILATION_CONDITIONS = DEBUG;
				SWIFT_OPTIMIZATION_LEVEL = "-Onone";
			};
			name = Debug;
		};
		AA000D020000000000000001 /* Release */ = {
			isa = XCBuildConfiguration;
			buildSettings = {
				ALWAYS_SEARCH_USER_PATHS = NO;
				CLANG_ENABLE_MODULES = YES;
				CODE_SIGN_STYLE = Automatic;
				COPY_PHASE_STRIP = NO;
				DEBUG_INFORMATION_FORMAT = "dwarf-with-dsym";
				MACOSX_DEPLOYMENT_TARGET = 14.0;
				SDKROOT = macosx;
				SWIFT_COMPILATION_MODE = wholemodule;
			};
			name = Release;
		};
		AA000D030000000000000001 /* Debug */ = {
			isa = XCBuildConfiguration;
			buildSettings = {
				CODE_SIGN_ENTITLEMENTS = ObsidianWidgetHost/ObsidianWidgetHost.entitlements;
				"CODE_SIGN_IDENTITY[sdk=macosx*]" = "Apple Development";
				CODE_SIGN_STYLE = Automatic;
				COMBINE_HIDPI_IMAGES = YES;
				CURRENT_PROJECT_VERSION = 1;
				DEVELOPMENT_TEAM = 4S3YY47BGX;
				GENERATE_INFOPLIST_FILE = YES;
				INFOPLIST_FILE = ObsidianWidgetHost/Info.plist;
				INFOPLIST_KEY_CFBundleDisplayName = "Obsidian Widget";
				INFOPLIST_KEY_LSApplicationCategoryType = "public.app-category.productivity";
				INFOPLIST_KEY_NSHumanReadableCopyright = "";
				LD_RUNPATH_SEARCH_PATHS = (
					"$(inherited)",
					"@executable_path/../Frameworks",
				);
				MARKETING_VERSION = 1.0;
				PRODUCT_BUNDLE_IDENTIFIER = com.obsidianwidget.app;
				PRODUCT_NAME = "$(TARGET_NAME)";
				SWIFT_EMIT_LOC_STRINGS = YES;
				SWIFT_VERSION = 5.0;
			};
			name = Debug;
		};
		AA000D040000000000000001 /* Release */ = {
			isa = XCBuildConfiguration;
			buildSettings = {
				CODE_SIGN_ENTITLEMENTS = ObsidianWidgetHost/ObsidianWidgetHost.entitlements;
				"CODE_SIGN_IDENTITY[sdk=macosx*]" = "Apple Development";
				CODE_SIGN_STYLE = Automatic;
				COMBINE_HIDPI_IMAGES = YES;
				CURRENT_PROJECT_VERSION = 1;
				DEVELOPMENT_TEAM = 4S3YY47BGX;
				GENERATE_INFOPLIST_FILE = YES;
				INFOPLIST_FILE = ObsidianWidgetHost/Info.plist;
				INFOPLIST_KEY_CFBundleDisplayName = "Obsidian Widget";
				INFOPLIST_KEY_LSApplicationCategoryType = "public.app-category.productivity";
				INFOPLIST_KEY_NSHumanReadableCopyright = "";
				LD_RUNPATH_SEARCH_PATHS = (
					"$(inherited)",
					"@executable_path/../Frameworks",
				);
				MARKETING_VERSION = 1.0;
				PRODUCT_BUNDLE_IDENTIFIER = com.obsidianwidget.app;
				PRODUCT_NAME = "$(TARGET_NAME)";
				SWIFT_EMIT_LOC_STRINGS = YES;
				SWIFT_VERSION = 5.0;
			};
			name = Release;
		};
		AA000D050000000000000001 /* Debug */ = {
			isa = XCBuildConfiguration;
			buildSettings = {
				CODE_SIGN_ENTITLEMENTS = ObsidianWidgetExtension/ObsidianWidgetExtension.entitlements;
				"CODE_SIGN_IDENTITY[sdk=macosx*]" = "Apple Development";
				CODE_SIGN_STYLE = Automatic;
				CURRENT_PROJECT_VERSION = 1;
				DEVELOPMENT_TEAM = 4S3YY47BGX;
				GENERATE_INFOPLIST_FILE = NO;
				INFOPLIST_FILE = ObsidianWidgetExtension/Info.plist;
				LD_RUNPATH_SEARCH_PATHS = (
					"$(inherited)",
					"@executable_path/../Frameworks",
					"@executable_path/../../../../Frameworks",
				);
				MARKETING_VERSION = 1.0;
				PRODUCT_BUNDLE_IDENTIFIER = com.obsidianwidget.app.widget;
				PRODUCT_NAME = "$(TARGET_NAME)";
				SKIP_INSTALL = YES;
				SWIFT_EMIT_LOC_STRINGS = YES;
				SWIFT_VERSION = 5.0;
			};
			name = Debug;
		};
		AA000D060000000000000001 /* Release */ = {
			isa = XCBuildConfiguration;
			buildSettings = {
				CODE_SIGN_ENTITLEMENTS = ObsidianWidgetExtension/ObsidianWidgetExtension.entitlements;
				"CODE_SIGN_IDENTITY[sdk=macosx*]" = "Apple Development";
				CODE_SIGN_STYLE = Automatic;
				CURRENT_PROJECT_VERSION = 1;
				DEVELOPMENT_TEAM = 4S3YY47BGX;
				GENERATE_INFOPLIST_FILE = NO;
				INFOPLIST_FILE = ObsidianWidgetExtension/Info.plist;
				LD_RUNPATH_SEARCH_PATHS = (
					"$(inherited)",
					"@executable_path/../Frameworks",
					"@executable_path/../../../../Frameworks",
				);
				MARKETING_VERSION = 1.0;
				PRODUCT_BUNDLE_IDENTIFIER = com.obsidianwidget.app.widget;
				PRODUCT_NAME = "$(TARGET_NAME)";
				SKIP_INSTALL = YES;
				SWIFT_EMIT_LOC_STRINGS = YES;
				SWIFT_VERSION = 5.0;
			};
			name = Release;
		};
		AA000D070000000000000001 /* Debug */ = {
			isa = XCBuildConfiguration;
			buildSettings = {
				CODE_SIGN_STYLE = Automatic;
				CURRENT_PROJECT_VERSION = 1;
				DEVELOPMENT_TEAM = 4S3YY47BGX;
				GENERATE_INFOPLIST_FILE = YES;
				MARKETING_VERSION = 1.0;
				PRODUCT_BUNDLE_IDENTIFIER = com.obsidianwidget.widgetreload;
				PRODUCT_NAME = "$(TARGET_NAME)";
				SWIFT_VERSION = 5.0;
			};
			name = Debug;
		};
		AA000D080000000000000001 /* Release */ = {
			isa = XCBuildConfiguration;
			buildSettings = {
				CODE_SIGN_STYLE = Automatic;
				CURRENT_PROJECT_VERSION = 1;
				DEVELOPMENT_TEAM = 4S3YY47BGX;
				GENERATE_INFOPLIST_FILE = YES;
				MARKETING_VERSION = 1.0;
				PRODUCT_BUNDLE_IDENTIFIER = com.obsidianwidget.widgetreload;
				PRODUCT_NAME = "$(TARGET_NAME)";
				SWIFT_VERSION = 5.0;
			};
			name = Release;
		};
/* End XCBuildConfiguration section */

/* Begin XCConfigurationList section */
		AA0009010000000000000001 /* Build configuration list for PBXNativeTarget "ObsidianWidgetHost" */ = {
			isa = XCConfigurationList;
			buildConfigurations = (
				AA000D030000000000000001 /* Debug */,
				AA000D040000000000000001 /* Release */,
			);
			defaultConfigurationIsVisible = 0;
			defaultConfigurationName = Release;
		};
		AA0009010000000000000002 /* Build configuration list for PBXNativeTarget "WidgetReload" */ = {
			isa = XCConfigurationList;
			buildConfigurations = (
				AA000D070000000000000001 /* Debug */,
				AA000D080000000000000001 /* Release */,
			);
			defaultConfigurationIsVisible = 0;
			defaultConfigurationName = Release;
		};
		AA0009010000000000000003 /* Build configuration list for PBXNativeTarget "ObsidianWidgetExtension" */ = {
			isa = XCConfigurationList;
			buildConfigurations = (
				AA000D050000000000000001 /* Debug */,
				AA000D060000000000000001 /* Release */,
			);
			defaultConfigurationIsVisible = 0;
			defaultConfigurationName = Release;
		};
		AA0009010000000000000004 /* Build configuration list for PBXProject "ObsidianWidget" */ = {
			isa = XCConfigurationList;
			buildConfigurations = (
				AA000D010000000000000001 /* Debug */,
				AA000D020000000000000001 /* Release */,
			);
			defaultConfigurationIsVisible = 0;
			defaultConfigurationName = Release;
		};
/* End XCConfigurationList section */
	};
	rootObject = AA0004010000000000000001 /* Project object */;
}
